// !$*UTF8*$!
{
	archiveVersion = 1;
	classes = {
	};
	objectVersion = 56;
	objects = {

/* Begin PBXBuildFile section */
		430261382D64A4050065BB83 /* PestControlViewController.swift in Sources */ = {isa = PBXBuildFile; fileRef = 430261372D64A4050065BB83 /* PestControlViewController.swift */; };
		4302613A2D64A4450065BB83 /* PersonalInformationViewController.swift in Sources */ = {isa = PBXBuildFile; fileRef = 430261392D64A4450065BB83 /* PersonalInformationViewController.swift */; };
		4302613C2D64A4780065BB83 /* AssessmentViewController.swift in Sources */ = {isa = PBXBuildFile; fileRef = 4302613B2D64A4780065BB83 /* AssessmentViewController.swift */; };
		433F285B2D645E71007647F1 /* PDFLayout.swift in Sources */ = {isa = PBXBuildFile; fileRef = 433F285A2D645E71007647F1 /* PDFLayout.swift */; };
		433F285D2D6464A8007647F1 /* PDFLayout.xib in Resources */ = {isa = PBXBuildFile; fileRef = 433F285C2D6464A8007647F1 /* PDFLayout.xib */; };
		433F285F2D6467DC007647F1 /* OutputViewController.swift in Sources */ = {isa = PBXBuildFile; fileRef = 433F285E2D6467DC007647F1 /* OutputViewController.swift */; };
		43766DF62D6C8CAD005687FD /* SwiftSignatureView in Frameworks */ = {isa = PBXBuildFile; productRef = 43766DF52D6C8CAD005687FD /* SwiftSignatureView */; };
		43766DF82D6CAA42005687FD /* SignatureViewController.swift in Sources */ = {isa = PBXBuildFile; fileRef = 43766DF72D6CAA42005687FD /* SignatureViewController.swift */; };
		439B680A2D670F7F0067D0C4 /* InspectionViewController.swift in Sources */ = {isa = PBXBuildFile; fileRef = 439B68092D670F7F0067D0C4 /* InspectionViewController.swift */; };
		43A72BAE2D622AB500E50E96 /* AppDelegate.swift in Sources */ = {isa = PBXBuildFile; fileRef = 43A72BAD2D622AB500E50E96 /* AppDelegate.swift */; };
		43A72BB02D622AB500E50E96 /* SceneDelegate.swift in Sources */ = {isa = PBXBuildFile; fileRef = 43A72BAF2D622AB500E50E96 /* SceneDelegate.swift */; };
		43A72BB22D622AB500E50E96 /* ViewController.swift in Sources */ = {isa = PBXBuildFile; fileRef = 43A72BB12D622AB500E50E96 /* ViewController.swift */; };
		43A72BB52D622AB500E50E96 /* Base in Resources */ = {isa = PBXBuildFile; fileRef = 43A72BB42D622AB500E50E96 /* Base */; };
		43A72BB82D622AB500E50E96 /* pest_control.xcdatamodeld in Sources */ = {isa = PBXBuildFile; fileRef = 43A72BB62D622AB500E50E96 /* pest_control.xcdatamodeld */; };
		43A72BBA2D622AB600E50E96 /* Assets.xcassets in Resources */ = {isa = PBXBuildFile; fileRef = 43A72BB92D622AB600E50E96 /* Assets.xcassets */; };
		43A72BBD2D622AB600E50E96 /* Base in Resources */ = {isa = PBXBuildFile; fileRef = 43A72BBC2D622AB600E50E96 /* Base */; };
		43A72BC82D622AB700E50E96 /* pest_controlTests.swift in Sources */ = {isa = PBXBuildFile; fileRef = 43A72BC72D622AB700E50E96 /* pest_controlTests.swift */; };
		43A72BD22D622AB700E50E96 /* pest_controlUITests.swift in Sources */ = {isa = PBXBuildFile; fileRef = 43A72BD12D622AB700E50E96 /* pest_controlUITests.swift */; };
		43A72BD42D622AB700E50E96 /* pest_controlUITestsLaunchTests.swift in Sources */ = {isa = PBXBuildFile; fileRef = 43A72BD32D622AB700E50E96 /* pest_controlUITestsLaunchTests.swift */; };
		43B14B692D649F8D00FF6237 /* PageViewController.swift in Sources */ = {isa = PBXBuildFile; fileRef = 43B14B682D649F8D00FF6237 /* PageViewController.swift */; };
		43D92D382D6316A6003851DA /* ChemicalUsedViewController.swift in Sources */ = {isa = PBXBuildFile; fileRef = 43D92D372D6316A6003851DA /* ChemicalUsedViewController.swift */; };
		43D92D3A2D6320DA003851DA /* PDFViewController.swift in Sources */ = {isa = PBXBuildFile; fileRef = 43D92D392D6320DA003851DA /* PDFViewController.swift */; };
/* End PBXBuildFile section */

/* Begin PBXContainerItemProxy section */
		43A72BC42D622AB700E50E96 /* PBXContainerItemProxy */ = {
			isa = PBXContainerItemProxy;
			containerPortal = 43A72BA22D622AB500E50E96 /* Project object */;
			proxyType = 1;
			remoteGlobalIDString = 43A72BA92D622AB500E50E96;
			remoteInfo = pest_control;
		};
		43A72BCE2D622AB700E50E96 /* PBXContainerItemProxy */ = {
			isa = PBXContainerItemProxy;
			containerPortal = 43A72BA22D622AB500E50E96 /* Project object */;
			proxyType = 1;
			remoteGlobalIDString = 43A72BA92D622AB500E50E96;
			remoteInfo = pest_control;
		};
/* End PBXContainerItemProxy section */

/* Begin PBXFileReference section */
		430261372D64A4050065BB83 /* PestControlViewController.swift */ = {isa = PBXFileReference; lastKnownFileType = sourcecode.swift; path = PestControlViewController.swift; sourceTree = "<group>"; };
		430261392D64A4450065BB83 /* PersonalInformationViewController.swift */ = {isa = PBXFileReference; lastKnownFileType = sourcecode.swift; path = PersonalInformationViewController.swift; sourceTree = "<group>"; };
		4302613B2D64A4780065BB83 /* AssessmentViewController.swift */ = {isa = PBXFileReference; lastKnownFileType = sourcecode.swift; path = AssessmentViewController.swift; sourceTree = "<group>"; };
		433F285A2D645E71007647F1 /* PDFLayout.swift */ = {isa = PBXFileReference; lastKnownFileType = sourcecode.swift; path = PDFLayout.swift; sourceTree = "<group>"; };
		433F285C2D6464A8007647F1 /* PDFLayout.xib */ = {isa = PBXFileReference; lastKnownFileType = file.xib; path = PDFLayout.xib; sourceTree = "<group>"; };
		433F285E2D6467DC007647F1 /* OutputViewController.swift */ = {isa = PBXFileReference; lastKnownFileType = sourcecode.swift; path = OutputViewController.swift; sourceTree = "<group>"; };
		43766DF72D6CAA42005687FD /* SignatureViewController.swift */ = {isa = PBXFileReference; lastKnownFileType = sourcecode.swift; path = SignatureViewController.swift; sourceTree = "<group>"; };
		439B68092D670F7F0067D0C4 /* InspectionViewController.swift */ = {isa = PBXFileReference; lastKnownFileType = sourcecode.swift; path = InspectionViewController.swift; sourceTree = "<group>"; };
		43A72BAA2D622AB500E50E96 /* pest_control.app */ = {isa = PBXFileReference; explicitFileType = wrapper.application; includeInIndex = 0; path = pest_control.app; sourceTree = BUILT_PRODUCTS_DIR; };
		43A72BAD2D622AB500E50E96 /* AppDelegate.swift */ = {isa = PBXFileReference; lastKnownFileType = sourcecode.swift; path = AppDelegate.swift; sourceTree = "<group>"; };
		43A72BAF2D622AB500E50E96 /* SceneDelegate.swift */ = {isa = PBXFileReference; lastKnownFileType = sourcecode.swift; path = SceneDelegate.swift; sourceTree = "<group>"; };
		43A72BB12D622AB500E50E96 /* ViewController.swift */ = {isa = PBXFileReference; lastKnownFileType = sourcecode.swift; path = ViewController.swift; sourceTree = "<group>"; };
		43A72BB42D622AB500E50E96 /* Base */ = {isa = PBXFileReference; lastKnownFileType = file.storyboard; name = Base; path = Base.lproj/Main.storyboard; sourceTree = "<group>"; };
		43A72BB72D622AB500E50E96 /* pest_control.xcdatamodel */ = {isa = PBXFileReference; lastKnownFileType = wrapper.xcdatamodel; path = pest_control.xcdatamodel; sourceTree = "<group>"; };
		43A72BB92D622AB600E50E96 /* Assets.xcassets */ = {isa = PBXFileReference; lastKnownFileType = folder.assetcatalog; path = Assets.xcassets; sourceTree = "<group>"; };
		43A72BBC2D622AB600E50E96 /* Base */ = {isa = PBXFileReference; lastKnownFileType = file.storyboard; name = Base; path = Base.lproj/LaunchScreen.storyboard; sourceTree = "<group>"; };
		43A72BBE2D622AB600E50E96 /* Info.plist */ = {isa = PBXFileReference; lastKnownFileType = text.plist.xml; path = Info.plist; sourceTree = "<group>"; };
		43A72BC32D622AB700E50E96 /* pest_controlTests.xctest */ = {isa = PBXFileReference; explicitFileType = wrapper.cfbundle; includeInIndex = 0; path = pest_controlTests.xctest; sourceTree = BUILT_PRODUCTS_DIR; };
		43A72BC72D622AB700E50E96 /* pest_controlTests.swift */ = {isa = PBXFileReference; lastKnownFileType = sourcecode.swift; path = pest_controlTests.swift; sourceTree = "<group>"; };
		43A72BCD2D622AB700E50E96 /* pest_controlUITests.xctest */ = {isa = PBXFileReference; explicitFileType = wrapper.cfbundle; includeInIndex = 0; path = pest_controlUITests.xctest; sourceTree = BUILT_PRODUCTS_DIR; };
		43A72BD12D622AB700E50E96 /* pest_controlUITests.swift */ = {isa = PBXFileReference; lastKnownFileType = sourcecode.swift; path = pest_controlUITests.swift; sourceTree = "<group>"; };
		43A72BD32D622AB700E50E96 /* pest_controlUITestsLaunchTests.swift */ = {isa = PBXFileReference; lastKnownFileType = sourcecode.swift; path = pest_controlUITestsLaunchTests.swift; sourceTree = "<group>"; };
		43B14B682D649F8D00FF6237 /* PageViewController.swift */ = {isa = PBXFileReference; lastKnownFileType = sourcecode.swift; path = PageViewController.swift; sourceTree = "<group>"; };
		43D92D372D6316A6003851DA /* ChemicalUsedViewController.swift */ = {isa = PBXFileReference; lastKnownFileType = sourcecode.swift; path = ChemicalUsedViewController.swift; sourceTree = "<group>"; };
		43D92D392D6320DA003851DA /* PDFViewController.swift */ = {isa = PBXFileReference; lastKnownFileType = sourcecode.swift; path = PDFViewController.swift; sourceTree = "<group>"; };
/* End PBXFileReference section */

/* Begin PBXFrameworksBuildPhase section */
		43A72BA72D622AB500E50E96 /* Frameworks */ = {
			isa = PBXFrameworksBuildPhase;
			buildActionMask = 2147483647;
			files = (
				43766DF62D6C8CAD005687FD /* SwiftSignatureView in Frameworks */,
			);
			runOnlyForDeploymentPostprocessing = 0;
		};
		43A72BC02D622AB700E50E96 /* Frameworks */ = {
			isa = PBXFrameworksBuildPhase;
			buildActionMask = 2147483647;
			files = (
			);
			runOnlyForDeploymentPostprocessing = 0;
		};
		43A72BCA2D622AB700E50E96 /* Frameworks */ = {
			isa = PBXFrameworksBuildPhase;
			buildActionMask = 2147483647;
			files = (
			);
			runOnlyForDeploymentPostprocessing = 0;
		};
/* End PBXFrameworksBuildPhase section */

/* Begin PBXGroup section */
		433F28572D645D46007647F1 /* PDFLayout */ = {
			isa = PBXGroup;
			children = (
				433F285A2D645E71007647F1 /* PDFLayout.swift */,
				433F285C2D6464A8007647F1 /* PDFLayout.xib */,
			);
			path = PDFLayout;
			sourceTree = "<group>";
		};
		43A72BA12D622AB500E50E96 = {
			isa = PBXGroup;
			children = (
				43A72BAC2D622AB500E50E96 /* pest_control */,
				43A72BC62D622AB700E50E96 /* pest_controlTests */,
				43A72BD02D622AB700E50E96 /* pest_controlUITests */,
				43A72BAB2D622AB500E50E96 /* Products */,
			);
			sourceTree = "<group>";
		};
		43A72BAB2D622AB500E50E96 /* Products */ = {
			isa = PBXGroup;
			children = (
				43A72BAA2D622AB500E50E96 /* pest_control.app */,
				43A72BC32D622AB700E50E96 /* pest_controlTests.xctest */,
				43A72BCD2D622AB700E50E96 /* pest_controlUITests.xctest */,
			);
			name = Products;
			sourceTree = "<group>";
		};
		43A72BAC2D622AB500E50E96 /* pest_control */ = {
			isa = PBXGroup;
			children = (
				43A72BE02D622AD400E50E96 /* source */,
				43A72BAD2D622AB500E50E96 /* AppDelegate.swift */,
				43A72BAF2D622AB500E50E96 /* SceneDelegate.swift */,
				43A72BB12D622AB500E50E96 /* ViewController.swift */,
				43A72BB32D622AB500E50E96 /* Main.storyboard */,
				43A72BB92D622AB600E50E96 /* Assets.xcassets */,
				43A72BBB2D622AB600E50E96 /* LaunchScreen.storyboard */,
				43A72BBE2D622AB600E50E96 /* Info.plist */,
				43A72BB62D622AB500E50E96 /* pest_control.xcdatamodeld */,
			);
			path = pest_control;
			sourceTree = "<group>";
		};
		43A72BC62D622AB700E50E96 /* pest_controlTests */ = {
			isa = PBXGroup;
			children = (
				43A72BC72D622AB700E50E96 /* pest_controlTests.swift */,
			);
			path = pest_controlTests;
			sourceTree = "<group>";
		};
		43A72BD02D622AB700E50E96 /* pest_controlUITests */ = {
			isa = PBXGroup;
			children = (
				43A72BD12D622AB700E50E96 /* pest_controlUITests.swift */,
				43A72BD32D622AB700E50E96 /* pest_controlUITestsLaunchTests.swift */,
			);
			path = pest_controlUITests;
			sourceTree = "<group>";
		};
		43A72BE02D622AD400E50E96 /* source */ = {
			isa = PBXGroup;
			children = (
				43D92D362D631687003851DA /* Views */,
			);
			path = source;
			sourceTree = "<group>";
		};
		43D92D362D631687003851DA /* Views */ = {
			isa = PBXGroup;
			children = (
				433F28572D645D46007647F1 /* PDFLayout */,
				43D92D372D6316A6003851DA /* ChemicalUsedViewController.swift */,
				43D92D392D6320DA003851DA /* PDFViewController.swift */,
				433F285E2D6467DC007647F1 /* OutputViewController.swift */,
				43B14B682D649F8D00FF6237 /* PageViewController.swift */,
				430261372D64A4050065BB83 /* PestControlViewController.swift */,
				430261392D64A4450065BB83 /* PersonalInformationViewController.swift */,
				4302613B2D64A4780065BB83 /* AssessmentViewController.swift */,
				439B68092D670F7F0067D0C4 /* InspectionViewController.swift */,
				43766DF72D6CAA42005687FD /* SignatureViewController.swift */,
			);
			path = Views;
			sourceTree = "<group>";
		};
/* End PBXGroup section */

/* Begin PBXNativeTarget section */
		43A72BA92D622AB500E50E96 /* pest_control */ = {
			isa = PBXNativeTarget;
			buildConfigurationList = 43A72BD72D622AB700E50E96 /* Build configuration list for PBXNativeTarget "pest_control" */;
			buildPhases = (
				43A72BA62D622AB500E50E96 /* Sources */,
				43A72BA72D622AB500E50E96 /* Frameworks */,
				43A72BA82D622AB500E50E96 /* Resources */,
			);
			buildRules = (
			);
			dependencies = (
			);
			name = pest_control;
			packageProductDependencies = (
				43766DF52D6C8CAD005687FD /* SwiftSignatureView */,
			);
			productName = pest_control;
			productReference = 43A72BAA2D622AB500E50E96 /* pest_control.app */;
			productType = "com.apple.product-type.application";
		};
		43A72BC22D622AB700E50E96 /* pest_controlTests */ = {
			isa = PBXNativeTarget;
			buildConfigurationList = 43A72BDA2D622AB700E50E96 /* Build configuration list for PBXNativeTarget "pest_controlTests" */;
			buildPhases = (
				43A72BBF2D622AB700E50E96 /* Sources */,
				43A72BC02D622AB700E50E96 /* Frameworks */,
				43A72BC12D622AB700E50E96 /* Resources */,
			);
			buildRules = (
			);
			dependencies = (
				43A72BC52D622AB700E50E96 /* PBXTargetDependency */,
			);
			name = pest_controlTests;
			productName = pest_controlTests;
			productReference = 43A72BC32D622AB700E50E96 /* pest_controlTests.xctest */;
			productType = "com.apple.product-type.bundle.unit-test";
		};
		43A72BCC2D622AB700E50E96 /* pest_controlUITests */ = {
			isa = PBXNativeTarget;
			buildConfigurationList = 43A72BDD2D622AB700E50E96 /* Build configuration list for PBXNativeTarget "pest_controlUITests" */;
			buildPhases = (
				43A72BC92D622AB700E50E96 /* Sources */,
				43A72BCA2D622AB700E50E96 /* Frameworks */,
				43A72BCB2D622AB700E50E96 /* Resources */,
			);
			buildRules = (
			);
			dependencies = (
				43A72BCF2D622AB700E50E96 /* PBXTargetDependency */,
			);
			name = pest_controlUITests;
			productName = pest_controlUITests;
			productReference = 43A72BCD2D622AB700E50E96 /* pest_controlUITests.xctest */;
			productType = "com.apple.product-type.bundle.ui-testing";
		};
/* End PBXNativeTarget section */

/* Begin PBXProject section */
		43A72BA22D622AB500E50E96 /* Project object */ = {
			isa = PBXProject;
			attributes = {
				BuildIndependentTargetsInParallel = 1;
				LastSwiftUpdateCheck = 1540;
				LastUpgradeCheck = 1540;
				TargetAttributes = {
					43A72BA92D622AB500E50E96 = {
						CreatedOnToolsVersion = 15.4;
					};
					43A72BC22D622AB700E50E96 = {
						CreatedOnToolsVersion = 15.4;
						TestTargetID = 43A72BA92D622AB500E50E96;
					};
					43A72BCC2D622AB700E50E96 = {
						CreatedOnToolsVersion = 15.4;
						TestTargetID = 43A72BA92D622AB500E50E96;
					};
				};
			};
			buildConfigurationList = 43A72BA52D622AB500E50E96 /* Build configuration list for PBXProject "pest_control" */;
			compatibilityVersion = "Xcode 14.0";
			developmentRegion = en;
			hasScannedForEncodings = 0;
			knownRegions = (
				en,
				Base,
			);
			mainGroup = 43A72BA12D622AB500E50E96;
			packageReferences = (
				43766DF42D6C8CAD005687FD /* XCRemoteSwiftPackageReference "SwiftSignatureView" */,
			);
			productRefGroup = 43A72BAB2D622AB500E50E96 /* Products */;
			projectDirPath = "";
			projectRoot = "";
			targets = (
				43A72BA92D622AB500E50E96 /* pest_control */,
				43A72BC22D622AB700E50E96 /* pest_controlTests */,
				43A72BCC2D622AB700E50E96 /* pest_controlUITests */,
			);
		};
/* End PBXProject section */

/* Begin PBXResourcesBuildPhase section */
		43A72BA82D622AB500E50E96 /* Resources */ = {
			isa = PBXResourcesBuildPhase;
			buildActionMask = 2147483647;
			files = (
				43A72BBA2D622AB600E50E96 /* Assets.xcassets in Resources */,
				43A72BBD2D622AB600E50E96 /* Base in Resources */,
				433F285D2D6464A8007647F1 /* PDFLayout.xib in Resources */,
				43A72BB52D622AB500E50E96 /* Base in Resources */,
			);
			runOnlyForDeploymentPostprocessing = 0;
		};
		43A72BC12D622AB700E50E96 /* Resources */ = {
			isa = PBXResourcesBuildPhase;
			buildActionMask = 2147483647;
			files = (
			);
			runOnlyForDeploymentPostprocessing = 0;
		};
		43A72BCB2D622AB700E50E96 /* Resources */ = {
			isa = PBXResourcesBuildPhase;
			buildActionMask = 2147483647;
			files = (
			);
			runOnlyForDeploymentPostprocessing = 0;
		};
/* End PBXResourcesBuildPhase section */

/* Begin PBXSourcesBuildPhase section */
		43A72BA62D622AB500E50E96 /* Sources */ = {
			isa = PBXSourcesBuildPhase;
			buildActionMask = 2147483647;
			files = (
				430261382D64A4050065BB83 /* PestControlViewController.swift in Sources */,
				4302613A2D64A4450065BB83 /* PersonalInformationViewController.swift in Sources */,
				4302613C2D64A4780065BB83 /* AssessmentViewController.swift in Sources */,
				43D92D382D6316A6003851DA /* ChemicalUsedViewController.swift in Sources */,
				43A72BB22D622AB500E50E96 /* ViewController.swift in Sources */,
				43A72BB82D622AB500E50E96 /* pest_control.xcdatamodeld in Sources */,
				43D92D3A2D6320DA003851DA /* PDFViewController.swift in Sources */,
				43A72BAE2D622AB500E50E96 /* AppDelegate.swift in Sources */,
				433F285F2D6467DC007647F1 /* OutputViewController.swift in Sources */,
				43B14B692D649F8D00FF6237 /* PageViewController.swift in Sources */,
				439B680A2D670F7F0067D0C4 /* InspectionViewController.swift in Sources */,
				43766DF82D6CAA42005687FD /* SignatureViewController.swift in Sources */,
				433F285B2D645E71007647F1 /* PDFLayout.swift in Sources */,
				43A72BB02D622AB500E50E96 /* SceneDelegate.swift in Sources */,
			);
			runOnlyForDeploymentPostprocessing = 0;
		};
		43A72BBF2D622AB700E50E96 /* Sources */ = {
			isa = PBXSourcesBuildPhase;
			buildActionMask = 2147483647;
			files = (
				43A72BC82D622AB700E50E96 /* pest_controlTests.swift in Sources */,
			);
			runOnlyForDeploymentPostprocessing = 0;
		};
		43A72BC92D622AB700E50E96 /* Sources */ = {
			isa = PBXSourcesBuildPhase;
			buildActionMask = 2147483647;
			files = (
				43A72BD42D622AB700E50E96 /* pest_controlUITestsLaunchTests.swift in Sources */,
				43A72BD22D622AB700E50E96 /* pest_controlUITests.swift in Sources */,
			);
			runOnlyForDeploymentPostprocessing = 0;
		};
/* End PBXSourcesBuildPhase section */

/* Begin PBXTargetDependency section */
		43A72BC52D622AB700E50E96 /* PBXTargetDependency */ = {
			isa = PBXTargetDependency;
			target = 43A72BA92D622AB500E50E96 /* pest_control */;
			targetProxy = 43A72BC42D622AB700E50E96 /* PBXContainerItemProxy */;
		};
		43A72BCF2D622AB700E50E96 /* PBXTargetDependency */ = {
			isa = PBXTargetDependency;
			target = 43A72BA92D622AB500E50E96 /* pest_control */;
			targetProxy = 43A72BCE2D622AB700E50E96 /* PBXContainerItemProxy */;
		};
/* End PBXTargetDependency section */

/* Begin PBXVariantGroup section */
		43A72BB32D622AB500E50E96 /* Main.storyboard */ = {
			isa = PBXVariantGroup;
			children = (
				43A72BB42D622AB500E50E96 /* Base */,
			);
			name = Main.storyboard;
			sourceTree = "<group>";
		};
		43A72BBB2D622AB600E50E96 /* LaunchScreen.storyboard */ = {
			isa = PBXVariantGroup;
			children = (
				43A72BBC2D622AB600E50E96 /* Base */,
			);
			name = LaunchScreen.storyboard;
			sourceTree = "<group>";
		};
/* End PBXVariantGroup section */

/* Begin XCBuildConfiguration section */
		43A72BD52D622AB700E50E96 /* Debug */ = {
			isa = XCBuildConfiguration;
			buildSettings = {
				ALWAYS_SEARCH_USER_PATHS = NO;
				ASSETCATALOG_COMPILER_GENERATE_SWIFT_ASSET_SYMBOL_EXTENSIONS = YES;
				CLANG_ANALYZER_NONNULL = YES;
				CLANG_ANALYZER_NUMBER_OBJECT_CONVERSION = YES_AGGRESSIVE;
				CLANG_CXX_LANGUAGE_STANDARD = "gnu++20";
				CLANG_ENABLE_MODULES = YES;
				CLANG_ENABLE_OBJC_ARC = YES;
				CLANG_ENABLE_OBJC_WEAK = YES;
				CLANG_WARN_BLOCK_CAPTURE_AUTORELEASING = YES;
				CLANG_WARN_BOOL_CONVERSION = YES;
				CLANG_WARN_COMMA = YES;
				CLANG_WARN_CONSTANT_CONVERSION = YES;
				CLANG_WARN_DEPRECATED_OBJC_IMPLEMENTATIONS = YES;
				CLANG_WARN_DIRECT_OBJC_ISA_USAGE = YES_ERROR;
				CLANG_WARN_DOCUMENTATION_COMMENTS = YES;
				CLANG_WARN_EMPTY_BODY = YES;
				CLANG_WARN_ENUM_CONVERSION = YES;
				CLANG_WARN_INFINITE_RECURSION = YES;
				CLANG_WARN_INT_CONVERSION = YES;
				CLANG_WARN_NON_LITERAL_NULL_CONVERSION = YES;
				CLANG_WARN_OBJC_IMPLICIT_RETAIN_SELF = YES;
				CLANG_WARN_OBJC_LITERAL_CONVERSION = YES;
				CLANG_WARN_OBJC_ROOT_CLASS = YES_ERROR;
				CLANG_WARN_QUOTED_INCLUDE_IN_FRAMEWORK_HEADER = YES;
				CLANG_WARN_RANGE_LOOP_ANALYSIS = YES;
				CLANG_WARN_STRICT_PROTOTYPES = YES;
				CLANG_WARN_SUSPICIOUS_MOVE = YES;
				CLANG_WARN_UNGUARDED_AVAILABILITY = YES_AGGRESSIVE;
				CLANG_WARN_UNREACHABLE_CODE = YES;
				CLANG_WARN__DUPLICATE_METHOD_MATCH = YES;
				COPY_PHASE_STRIP = NO;
				DEBUG_INFORMATION_FORMAT = dwarf;
				ENABLE_STRICT_OBJC_MSGSEND = YES;
				ENABLE_TESTABILITY = YES;
				ENABLE_USER_SCRIPT_SANDBOXING = YES;
				GCC_C_LANGUAGE_STANDARD = gnu17;
				GCC_DYNAMIC_NO_PIC = NO;
				GCC_NO_COMMON_BLOCKS = YES;
				GCC_OPTIMIZATION_LEVEL = 0;
				GCC_PREPROCESSOR_DEFINITIONS = (
					"DEBUG=1",
					"$(inherited)",
				);
				GCC_WARN_64_TO_32_BIT_CONVERSION = YES;
				GCC_WARN_ABOUT_RETURN_TYPE = YES_ERROR;
				GCC_WARN_UNDECLARED_SELECTOR = YES;
				GCC_WARN_UNINITIALIZED_AUTOS = YES_AGGRESSIVE;
				GCC_WARN_UNUSED_FUNCTION = YES;
				GCC_WARN_UNUSED_VARIABLE = YES;
				IPHONEOS_DEPLOYMENT_TARGET = 17.5;
				LOCALIZATION_PREFERS_STRING_CATALOGS = YES;
				MTL_ENABLE_DEBUG_INFO = INCLUDE_SOURCE;
				MTL_FAST_MATH = YES;
				ONLY_ACTIVE_ARCH = YES;
				SDKROOT = iphoneos;
				SWIFT_ACTIVE_COMPILATION_CONDITIONS = "DEBUG $(inherited)";
				SWIFT_OPTIMIZATION_LEVEL = "-Onone";
			};
			name = Debug;
		};
		43A72BD62D622AB700E50E96 /* Release */ = {
			isa = XCBuildConfiguration;
			buildSettings = {
				ALWAYS_SEARCH_USER_PATHS = NO;
				ASSETCATALOG_COMPILER_GENERATE_SWIFT_ASSET_SYMBOL_EXTENSIONS = YES;
				CLANG_ANALYZER_NONNULL = YES;
				CLANG_ANALYZER_NUMBER_OBJECT_CONVERSION = YES_AGGRESSIVE;
				CLANG_CXX_LANGUAGE_STANDARD = "gnu++20";
				CLANG_ENABLE_MODULES = YES;
				CLANG_ENABLE_OBJC_ARC = YES;
				CLANG_ENABLE_OBJC_WEAK = YES;
				CLANG_WARN_BLOCK_CAPTURE_AUTORELEASING = YES;
				CLANG_WARN_BOOL_CONVERSION = YES;
				CLANG_WARN_COMMA = YES;
				CLANG_WARN_CONSTANT_CONVERSION = YES;
				CLANG_WARN_DEPRECATED_OBJC_IMPLEMENTATIONS = YES;
				CLANG_WARN_DIRECT_OBJC_ISA_USAGE = YES_ERROR;
				CLANG_WARN_DOCUMENTATION_COMMENTS = YES;
				CLANG_WARN_EMPTY_BODY = YES;
				CLANG_WARN_ENUM_CONVERSION = YES;
				CLANG_WARN_INFINITE_RECURSION = YES;
				CLANG_WARN_INT_CONVERSION = YES;
				CLANG_WARN_NON_LITERAL_NULL_CONVERSION = YES;
				CLANG_WARN_OBJC_IMPLICIT_RETAIN_SELF = YES;
				CLANG_WARN_OBJC_LITERAL_CONVERSION = YES;
				CLANG_WARN_OBJC_ROOT_CLASS = YES_ERROR;
				CLANG_WARN_QUOTED_INCLUDE_IN_FRAMEWORK_HEADER = YES;
				CLANG_WARN_RANGE_LOOP_ANALYSIS = YES;
				CLANG_WARN_STRICT_PROTOTYPES = YES;
				CLANG_WARN_SUSPICIOUS_MOVE = YES;
				CLANG_WARN_UNGUARDED_AVAILABILITY = YES_AGGRESSIVE;
				CLANG_WARN_UNREACHABLE_CODE = YES;
				CLANG_WARN__DUPLICATE_METHOD_MATCH = YES;
				COPY_PHASE_STRIP = NO;
				DEBUG_INFORMATION_FORMAT = "dwarf-with-dsym";
				ENABLE_NS_ASSERTIONS = NO;
				ENABLE_STRICT_OBJC_MSGSEND = YES;
				ENABLE_USER_SCRIPT_SANDBOXING = YES;
				GCC_C_LANGUAGE_STANDARD = gnu17;
				GCC_NO_COMMON_BLOCKS = YES;
				GCC_WARN_64_TO_32_BIT_CONVERSION = YES;
				GCC_WARN_ABOUT_RETURN_TYPE = YES_ERROR;
				GCC_WARN_UNDECLARED_SELECTOR = YES;
				GCC_WARN_UNINITIALIZED_AUTOS = YES_AGGRESSIVE;
				GCC_WARN_UNUSED_FUNCTION = YES;
				GCC_WARN_UNUSED_VARIABLE = YES;
				IPHONEOS_DEPLOYMENT_TARGET = 17.5;
				LOCALIZATION_PREFERS_STRING_CATALOGS = YES;
				MTL_ENABLE_DEBUG_INFO = NO;
				MTL_FAST_MATH = YES;
				SDKROOT = iphoneos;
				SWIFT_COMPILATION_MODE = wholemodule;
				VALIDATE_PRODUCT = YES;
			};
			name = Release;
		};
		43A72BD82D622AB700E50E96 /* Debug */ = {
			isa = XCBuildConfiguration;
			buildSettings = {
				ASSETCATALOG_COMPILER_APPICON_NAME = AppIcon;
				ASSETCATALOG_COMPILER_GLOBAL_ACCENT_COLOR_NAME = AccentColor;
				CODE_SIGN_STYLE = Automatic;
				CURRENT_PROJECT_VERSION = 1;
				GENERATE_INFOPLIST_FILE = YES;
				INFOPLIST_FILE = pest_control/Info.plist;
				INFOPLIST_KEY_UIApplicationSupportsIndirectInputEvents = YES;
				INFOPLIST_KEY_UILaunchStoryboardName = LaunchScreen;
				INFOPLIST_KEY_UIMainStoryboardFile = Main;
				INFOPLIST_KEY_UISupportedInterfaceOrientations_iPad = "UIInterfaceOrientationPortrait UIInterfaceOrientationPortraitUpsideDown UIInterfaceOrientationLandscapeLeft UIInterfaceOrientationLandscapeRight";
				INFOPLIST_KEY_UISupportedInterfaceOrientations_iPhone = "UIInterfaceOrientationPortrait UIInterfaceOrientationLandscapeLeft UIInterfaceOrientationLandscapeRight";
				LD_RUNPATH_SEARCH_PATHS = (
					"$(inherited)",
					"@executable_path/Frameworks",
				);
				MARKETING_VERSION = 1.0;
				PRODUCT_BUNDLE_IDENTIFIER = "com.movie.test.pest-control";
				PRODUCT_NAME = "$(TARGET_NAME)";
				SWIFT_EMIT_LOC_STRINGS = YES;
				SWIFT_VERSION = 5.0;
				TARGETED_DEVICE_FAMILY = "1,2";
			};
			name = Debug;
		};
		43A72BD92D622AB700E50E96 /* Release */ = {
			isa = XCBuildConfiguration;
			buildSettings = {
				ASSETCATALOG_COMPILER_APPICON_NAME = AppIcon;
				ASSETCATALOG_COMPILER_GLOBAL_ACCENT_COLOR_NAME = AccentColor;
				CODE_SIGN_STYLE = Automatic;
				CURRENT_PROJECT_VERSION = 1;
				GENERATE_INFOPLIST_FILE = YES;
				INFOPLIST_FILE = pest_control/Info.plist;
				INFOPLIST_KEY_UIApplicationSupportsIndirectInputEvents = YES;
				INFOPLIST_KEY_UILaunchStoryboardName = LaunchScreen;
				INFOPLIST_KEY_UIMainStoryboardFile = Main;
				INFOPLIST_KEY_UISupportedInterfaceOrientations_iPad = "UIInterfaceOrientationPortrait UIInterfaceOrientationPortraitUpsideDown UIInterfaceOrientationLandscapeLeft UIInterfaceOrientationLandscapeRight";
				INFOPLIST_KEY_UISupportedInterfaceOrientations_iPhone = "UIInterfaceOrientationPortrait UIInterfaceOrientationLandscapeLeft UIInterfaceOrientationLandscapeRight";
				LD_RUNPATH_SEARCH_PATHS = (
					"$(inherited)",
					"@executable_path/Frameworks",
				);
				MARKETING_VERSION = 1.0;
				PRODUCT_BUNDLE_IDENTIFIER = "com.movie.test.pest-control";
				PRODUCT_NAME = "$(TARGET_NAME)";
				SWIFT_EMIT_LOC_STRINGS = YES;
				SWIFT_VERSION = 5.0;
				TARGETED_DEVICE_FAMILY = "1,2";
			};
			name = Release;
		};
		43A72BDB2D622AB700E50E96 /* Debug */ = {
			isa = XCBuildConfiguration;
			buildSettings = {
				ALWAYS_EMBED_SWIFT_STANDARD_LIBRARIES = YES;
				BUNDLE_LOADER = "$(TEST_HOST)";
				CODE_SIGN_STYLE = Automatic;
				CURRENT_PROJECT_VERSION = 1;
				GENERATE_INFOPLIST_FILE = YES;
				IPHONEOS_DEPLOYMENT_TARGET = 17.5;
				MARKETING_VERSION = 1.0;
				PRODUCT_BUNDLE_IDENTIFIER = "com.movie.test.pest-controlTests";
				PRODUCT_NAME = "$(TARGET_NAME)";
				SWIFT_EMIT_LOC_STRINGS = NO;
				SWIFT_VERSION = 5.0;
				TARGETED_DEVICE_FAMILY = "1,2";
				TEST_HOST = "$(BUILT_PRODUCTS_DIR)/pest_control.app/$(BUNDLE_EXECUTABLE_FOLDER_PATH)/pest_control";
			};
			name = Debug;
		};
		43A72BDC2D622AB700E50E96 /* Release */ = {
			isa = XCBuildConfiguration;
			buildSettings = {
				ALWAYS_EMBED_SWIFT_STANDARD_LIBRARIES = YES;
				BUNDLE_LOADER = "$(TEST_HOST)";
				CODE_SIGN_STYLE = Automatic;
				CURRENT_PROJECT_VERSION = 1;
				GENERATE_INFOPLIST_FILE = YES;
				IPHONEOS_DEPLOYMENT_TARGET = 17.5;
				MARKETING_VERSION = 1.0;
				PRODUCT_BUNDLE_IDENTIFIER = "com.movie.test.pest-controlTests";
				PRODUCT_NAME = "$(TARGET_NAME)";
				SWIFT_EMIT_LOC_STRINGS = NO;
				SWIFT_VERSION = 5.0;
				TARGETED_DEVICE_FAMILY = "1,2";
				TEST_HOST = "$(BUILT_PRODUCTS_DIR)/pest_control.app/$(BUNDLE_EXECUTABLE_FOLDER_PATH)/pest_control";
			};
			name = Release;
		};
		43A72BDE2D622AB700E50E96 /* Debug */ = {
			isa = XCBuildConfiguration;
			buildSettings = {
				ALWAYS_EMBED_SWIFT_STANDARD_LIBRARIES = YES;
				CODE_SIGN_STYLE = Automatic;
				CURRENT_PROJECT_VERSION = 1;
				GENERATE_INFOPLIST_FILE = YES;
				MARKETING_VERSION = 1.0;
				PRODUCT_BUNDLE_IDENTIFIER = "com.movie.test.pest-controlUITests";
				PRODUCT_NAME = "$(TARGET_NAME)";
				SWIFT_EMIT_LOC_STRINGS = NO;
				SWIFT_VERSION = 5.0;
				TARGETED_DEVICE_FAMILY = "1,2";
				TEST_TARGET_NAME = pest_control;
			};
			name = Debug;
		};
		43A72BDF2D622AB700E50E96 /* Release */ = {
			isa = XCBuildConfiguration;
			buildSettings = {
				ALWAYS_EMBED_SWIFT_STANDARD_LIBRARIES = YES;
				CODE_SIGN_STYLE = Automatic;
				CURRENT_PROJECT_VERSION = 1;
				GENERATE_INFOPLIST_FILE = YES;
				MARKETING_VERSION = 1.0;
				PRODUCT_BUNDLE_IDENTIFIER = "com.movie.test.pest-controlUITests";
				PRODUCT_NAME = "$(TARGET_NAME)";
				SWIFT_EMIT_LOC_STRINGS = NO;
				SWIFT_VERSION = 5.0;
				TARGETED_DEVICE_FAMILY = "1,2";
				TEST_TARGET_NAME = pest_control;
			};
			name = Release;
		};
/* End XCBuildConfiguration section */

/* Begin XCConfigurationList section */
		43A72BA52D622AB500E50E96 /* Build configuration list for PBXProject "pest_control" */ = {
			isa = XCConfigurationList;
			buildConfigurations = (
				43A72BD52D622AB700E50E96 /* Debug */,
				43A72BD62D622AB700E50E96 /* Release */,
			);
			defaultConfigurationIsVisible = 0;
			defaultConfigurationName = Release;
		};
		43A72BD72D622AB700E50E96 /* Build configuration list for PBXNativeTarget "pest_control" */ = {
			isa = XCConfigurationList;
			buildConfigurations = (
				43A72BD82D622AB700E50E96 /* Debug */,
				43A72BD92D622AB700E50E96 /* Release */,
			);
			defaultConfigurationIsVisible = 0;
			defaultConfigurationName = Release;
		};
		43A72BDA2D622AB700E50E96 /* Build configuration list for PBXNativeTarget "pest_controlTests" */ = {
			isa = XCConfigurationList;
			buildConfigurations = (
				43A72BDB2D622AB700E50E96 /* Debug */,
				43A72BDC2D622AB700E50E96 /* Release */,
			);
			defaultConfigurationIsVisible = 0;
			defaultConfigurationName = Release;
		};
		43A72BDD2D622AB700E50E96 /* Build configuration list for PBXNativeTarget "pest_controlUITests" */ = {
			isa = XCConfigurationList;
			buildConfigurations = (
				43A72BDE2D622AB700E50E96 /* Debug */,
				43A72BDF2D622AB700E50E96 /* Release */,
			);
			defaultConfigurationIsVisible = 0;
			defaultConfigurationName = Release;
		};
/* End XCConfigurationList section */

/* Begin XCRemoteSwiftPackageReference section */
		43766DF42D6C8CAD005687FD /* XCRemoteSwiftPackageReference "SwiftSignatureView" */ = {
			isa = XCRemoteSwiftPackageReference;
			repositoryURL = "https://github.com/alankarmisra/SwiftSignatureView.git";
			requirement = {
				kind = upToNextMajorVersion;
				minimumVersion = 3.2.1;
			};
		};
/* End XCRemoteSwiftPackageReference section */

/* Begin XCSwiftPackageProductDependency section */
		43766DF52D6C8CAD005687FD /* SwiftSignatureView */ = {
			isa = XCSwiftPackageProductDependency;
			package = 43766DF42D6C8CAD005687FD /* XCRemoteSwiftPackageReference "SwiftSignatureView" */;
			productName = SwiftSignatureView;
		};
/* End XCSwiftPackageProductDependency section */

/* Begin XCVersionGroup section */
		43A72BB62D622AB500E50E96 /* pest_control.xcdatamodeld */ = {
			isa = XCVersionGroup;
			children = (
				43A72BB72D622AB500E50E96 /* pest_control.xcdatamodel */,
			);
			currentVersion = 43A72BB72D622AB500E50E96 /* pest_control.xcdatamodel */;
			path = pest_control.xcdatamodeld;
			sourceTree = "<group>";
			versionGroupType = wrapper.xcdatamodel;
		};
/* End XCVersionGroup section */
	};
	rootObject = 43A72BA22D622AB500E50E96 /* Project object */;
}
